<?xml version="1.0" encoding="utf-8"?>
<Project ToolsVersion="4.0" xmlns="http://schemas.microsoft.com/developer/msbuild/2003">
  <ItemGroup>
    <ClCompile Include="DLLSources\CvArea.cpp">
      <Filter>CV\CPP</Filter>
    </ClCompile>
    <ClCompile Include="DLLSources\CvArtFileMgr.cpp">
      <Filter>CV\CPP</Filter>
    </ClCompile>
    <ClCompile Include="DLLSources\CvDeal.cpp">
      <Filter>CV\CPP</Filter>
    </ClCompile>
    <ClCompile Include="DLLSources\CvDiploParameters.cpp">
      <Filter>CV\CPP</Filter>
    </ClCompile>
    <ClCompile Include="DLLSources\CvDLLButtonPopup.cpp">
      <Filter>CV\CPP</Filter>
    </ClCompile>
    <ClCompile Include="DLLSources\CvDLLPython.cpp">
      <Filter>CV\CPP</Filter>
    </ClCompile>
    <ClCompile Include="DLLSources\CvFractal.cpp">
      <Filter>CV\CPP</Filter>
    </ClCompile>
    <ClCompile Include="DLLSources\CvGame.cpp">
      <Filter>CV\CPP</Filter>
    </ClCompile>
    <ClCompile Include="DLLSources\CvGameAI.cpp">
      <Filter>CV\CPP</Filter>
    </ClCompile>
    <ClCompile Include="DLLSources\CvGameCoreDLL.cpp">
      <Filter>CV\CPP</Filter>
    </ClCompile>
    <ClCompile Include="DLLSources\CvGameCoreUtils.cpp">
      <Filter>CV\CPP</Filter>
    </ClCompile>
    <ClCompile Include="DLLSources\CvGameTextMgr.cpp">
      <Filter>CV\CPP</Filter>
    </ClCompile>
    <ClCompile Include="DLLSources\CvGlobals.cpp">
      <Filter>CV\CPP</Filter>
    </ClCompile>
    <ClCompile Include="DLLSources\CvGlobalsEnumSetup.cpp">
      <Filter>CV\CPP</Filter>
    </ClCompile>
    <ClCompile Include="DLLSources\CvHallOfFameInfo.cpp">
      <Filter>CV\CPP</Filter>
    </ClCompile>
    <ClCompile Include="DLLSources\CvDLLEntity.cpp">
      <Filter>CV\CPP</Filter>
    </ClCompile>
    <ClCompile Include="DLLSources\CvDLLWidgetData.cpp">
      <Filter>CV\CPP</Filter>
    </ClCompile>
    <ClCompile Include="DLLSources\CvInfos.cpp">
      <Filter>CV\CPP</Filter>
    </ClCompile>
    <ClCompile Include="DLLSources\CvInfoWater.cpp">
      <Filter>CV\CPP</Filter>
    </ClCompile>
    <ClCompile Include="DLLSources\CvInitCore.cpp">
      <Filter>CV\CPP</Filter>
    </ClCompile>
    <ClCompile Include="DLLSources\CvMapGenerator.cpp">
      <Filter>CV\CPP</Filter>
    </ClCompile>
    <ClCompile Include="DLLSources\CvPopupInfo.cpp">
      <Filter>CV\CPP</Filter>
    </ClCompile>
    <ClCompile Include="DLLSources\CvMap.cpp">
      <Filter>CV\CPP</Filter>
    </ClCompile>
    <ClCompile Include="DLLSources\CvPopupReturn.cpp">
      <Filter>CV\CPP</Filter>
    </ClCompile>
    <ClCompile Include="DLLSources\CvPlot.cpp">
      <Filter>CV\CPP</Filter>
    </ClCompile>
    <ClCompile Include="DLLSources\CvRandom.cpp">
      <Filter>CV\CPP</Filter>
    </ClCompile>
    <ClCompile Include="DLLSources\CvReplayInfo.cpp">
      <Filter>CV\CPP</Filter>
    </ClCompile>
    <ClCompile Include="DLLSources\CvReplayMessage.cpp">
      <Filter>CV\CPP</Filter>
    </ClCompile>
    <ClCompile Include="DLLSources\CvSelectionGroup.cpp">
      <Filter>CV\CPP</Filter>
    </ClCompile>
    <ClCompile Include="DLLSources\CvSelectionGroupAI.cpp">
      <Filter>CV\CPP</Filter>
    </ClCompile>
    <ClCompile Include="DLLSources\CvStructs.cpp">
      <Filter>CV\CPP</Filter>
    </ClCompile>
    <ClCompile Include="DLLSources\CvTalkingHeadMessage.cpp">
      <Filter>CV\CPP</Filter>
    </ClCompile>
    <ClCompile Include="DLLSources\CvTeam.cpp">
      <Filter>CV\CPP</Filter>
    </ClCompile>
    <ClCompile Include="DLLSources\CvTeamAI.cpp">
      <Filter>CV\CPP</Filter>
    </ClCompile>
    <ClCompile Include="DLLSources\CvTradeRoute.cpp">
      <Filter>CV\CPP</Filter>
    </ClCompile>
    <ClCompile Include="DLLSources\CvUnit.cpp">
      <Filter>CV\CPP</Filter>
    </ClCompile>
    <ClCompile Include="DLLSources\CvTradeRouteGroup.cpp">
      <Filter>CV\CPP</Filter>
    </ClCompile>
    <ClCompile Include="DLLSources\CvUnitAI.cpp">
      <Filter>CV\CPP</Filter>
    </ClCompile>
    <ClCompile Include="DLLSources\CyArea.cpp">
      <Filter>Python\CPP</Filter>
    </ClCompile>
    <ClCompile Include="DLLSources\CyAreaInterface.cpp">
      <Filter>Python\CPP</Filter>
    </ClCompile>
    <ClCompile Include="DLLSources\CyArgsList.cpp">
      <Filter>Python\CPP</Filter>
    </ClCompile>
    <ClCompile Include="DLLSources\CyArtFileMgr.cpp">
      <Filter>Python\CPP</Filter>
    </ClCompile>
    <ClCompile Include="DLLSources\CyArtFileMgrInterface.cpp">
      <Filter>Python\CPP</Filter>
    </ClCompile>
    <ClCompile Include="DLLSources\CyCity.cpp">
      <Filter>Python\CPP</Filter>
    </ClCompile>
    <ClCompile Include="DLLSources\CyCityInterface1.cpp">
      <Filter>Python\CPP</Filter>
    </ClCompile>
    <ClCompile Include="DLLSources\CyCityInterface2.cpp">
      <Filter>Python\CPP</Filter>
    </ClCompile>
    <ClCompile Include="DLLSources\CyCityInterface3.cpp">
      <Filter>Python\CPP</Filter>
    </ClCompile>
    <ClCompile Include="DLLSources\CyCityInterface4.cpp">
      <Filter>Python\CPP</Filter>
    </ClCompile>
    <ClCompile Include="DLLSources\CyCityInterface5.cpp">
      <Filter>Python\CPP</Filter>
    </ClCompile>
    <ClCompile Include="DLLSources\CyDeal.cpp">
      <Filter>Python\CPP</Filter>
    </ClCompile>
    <ClCompile Include="DLLSources\CyDealInterface.cpp">
      <Filter>Python\CPP</Filter>
    </ClCompile>
    <ClCompile Include="DLLSources\CyEnumsInterface.cpp">
      <Filter>Python\CPP</Filter>
    </ClCompile>
    <ClCompile Include="DLLSources\CyGame.cpp">
      <Filter>Python\CPP</Filter>
    </ClCompile>
    <ClCompile Include="DLLSources\CyGameCoreUtils.cpp">
      <Filter>Python\CPP</Filter>
    </ClCompile>
    <ClCompile Include="DLLSources\CyGameCoreUtilsInterface.cpp">
      <Filter>Python\CPP</Filter>
    </ClCompile>
    <ClCompile Include="DLLSources\CyGameInterface1.cpp">
      <Filter>Python\CPP</Filter>
    </ClCompile>
    <ClCompile Include="DLLSources\CyGameInterface2.cpp">
      <Filter>Python\CPP</Filter>
    </ClCompile>
    <ClCompile Include="DLLSources\CyGameInterface3.cpp">
      <Filter>Python\CPP</Filter>
    </ClCompile>
    <ClCompile Include="DLLSources\CyGameTextMgr.cpp">
      <Filter>Python\CPP</Filter>
    </ClCompile>
    <ClCompile Include="DLLSources\CyGameTextMgrInterface.cpp">
      <Filter>Python\CPP</Filter>
    </ClCompile>
    <ClCompile Include="DLLSources\CyGlobalContext.cpp">
      <Filter>Python\CPP</Filter>
    </ClCompile>
    <ClCompile Include="DLLSources\CyGlobalContextInterface1.cpp">
      <Filter>Python\CPP</Filter>
    </ClCompile>
    <ClCompile Include="DLLSources\CyGlobalContextInterface2.cpp">
      <Filter>Python\CPP</Filter>
    </ClCompile>
    <ClCompile Include="DLLSources\CyGlobalContextInterface3.cpp">
      <Filter>Python\CPP</Filter>
    </ClCompile>
    <ClCompile Include="DLLSources\CyGlobalContextInterface4.cpp">
      <Filter>Python\CPP</Filter>
    </ClCompile>
    <ClCompile Include="DLLSources\CyGlobalContextInterface5.cpp">
      <Filter>Python\CPP</Filter>
    </ClCompile>
    <ClCompile Include="DLLSources\CyGlobalContextInterface6.cpp">
      <Filter>Python\CPP</Filter>
    </ClCompile>
    <ClCompile Include="DLLSources\CyGlobalContextInterface7.cpp">
      <Filter>Python\CPP</Filter>
    </ClCompile>
    <ClCompile Include="DLLSources\CyHallOfFameInfo.cpp">
      <Filter>Python\CPP</Filter>
    </ClCompile>
    <ClCompile Include="DLLSources\CyHallOfFameInterface.cpp">
      <Filter>Python\CPP</Filter>
    </ClCompile>
    <ClCompile Include="DLLSources\CyInfoInterface1.cpp">
      <Filter>Python\CPP</Filter>
    </ClCompile>
    <ClCompile Include="DLLSources\CyInfoInterface2.cpp">
      <Filter>Python\CPP</Filter>
    </ClCompile>
    <ClCompile Include="DLLSources\CyInfoInterface3.cpp">
      <Filter>Python\CPP</Filter>
    </ClCompile>
    <ClCompile Include="DLLSources\CyMap.cpp">
      <Filter>Python\CPP</Filter>
    </ClCompile>
    <ClCompile Include="DLLSources\CyMapGenerator.cpp">
      <Filter>Python\CPP</Filter>
    </ClCompile>
    <ClCompile Include="DLLSources\CyMapGeneratorInterface.cpp">
      <Filter>Python\CPP</Filter>
    </ClCompile>
    <ClCompile Include="DLLSources\CyMapInterface1.cpp">
      <Filter>Python\CPP</Filter>
    </ClCompile>
    <ClCompile Include="DLLSources\CyMapInterface2.cpp">
      <Filter>Python\CPP</Filter>
    </ClCompile>
    <ClCompile Include="DLLSources\CyPlayer.cpp">
      <Filter>Python\CPP</Filter>
    </ClCompile>
    <ClCompile Include="DLLSources\CyPlayerInterface1.cpp">
      <Filter>Python\CPP</Filter>
    </ClCompile>
    <ClCompile Include="DLLSources\CyPlayerInterface2.cpp">
      <Filter>Python\CPP</Filter>
    </ClCompile>
    <ClCompile Include="DLLSources\CyPlayerInterface3.cpp">
      <Filter>Python\CPP</Filter>
    </ClCompile>
    <ClCompile Include="DLLSources\CyPlayerInterface4.cpp">
      <Filter>Python\CPP</Filter>
    </ClCompile>
    <ClCompile Include="DLLSources\CyPlot.cpp">
      <Filter>Python\CPP</Filter>
    </ClCompile>
    <ClCompile Include="DLLSources\CyPlotInterface1.cpp">
      <Filter>Python\CPP</Filter>
    </ClCompile>
    <ClCompile Include="DLLSources\CyPlotInterface2.cpp">
      <Filter>Python\CPP</Filter>
    </ClCompile>
    <ClCompile Include="DLLSources\CyRandomInterface.cpp">
      <Filter>Python\CPP</Filter>
    </ClCompile>
    <ClCompile Include="DLLSources\CyReplayInfo.cpp">
      <Filter>Python\CPP</Filter>
    </ClCompile>
    <ClCompile Include="DLLSources\CySelectionGroup.cpp">
      <Filter>Python\CPP</Filter>
    </ClCompile>
    <ClCompile Include="DLLSources\CySelectionGroupInterface.cpp">
      <Filter>Python\CPP</Filter>
    </ClCompile>
    <ClCompile Include="DLLSources\CyStructsInterface1.cpp">
      <Filter>Python\CPP</Filter>
    </ClCompile>
    <ClCompile Include="DLLSources\CyTeam.cpp">
      <Filter>Python\CPP</Filter>
    </ClCompile>
    <ClCompile Include="DLLSources\CyTeamInterface.cpp">
      <Filter>Python\CPP</Filter>
    </ClCompile>
    <ClCompile Include="DLLSources\CyTradeRoute.cpp">
      <Filter>Python\CPP</Filter>
    </ClCompile>
    <ClCompile Include="DLLSources\CyTradeRouteGroup.cpp">
      <Filter>Python\CPP</Filter>
    </ClCompile>
    <ClCompile Include="DLLSources\CyTradeRouteGroupInterface.cpp">
      <Filter>Python\CPP</Filter>
    </ClCompile>
    <ClCompile Include="DLLSources\CyTradeRouteInterface.cpp">
      <Filter>Python\CPP</Filter>
    </ClCompile>
    <ClCompile Include="DLLSources\CyUnit.cpp">
      <Filter>Python\CPP</Filter>
    </ClCompile>
    <ClCompile Include="DLLSources\CyUnitInterface1.cpp">
      <Filter>Python\CPP</Filter>
    </ClCompile>
    <ClCompile Include="DLLSources\CyUnitInterface2.cpp">
      <Filter>Python\CPP</Filter>
    </ClCompile>
    <ClCompile Include="DLLSources\_precompile.cpp">
      <Filter>Misc\CPP</Filter>
    </ClCompile>
    <ClCompile Include="DLLSources\FAssert.cpp">
      <Filter>Misc\CPP</Filter>
    </ClCompile>
    <ClCompile Include="DLLSources\FDialogTemplate.cpp">
      <Filter>Misc\CPP</Filter>
    </ClCompile>
    <ClCompile Include="DLLSources\InfoArray.cpp">
      <Filter>Data\CPP</Filter>
    </ClCompile>
    <ClCompile Include="DLLSources\JustInTime_Features.cpp">
      <Filter>Data\CPP</Filter>
    </ClCompile>
    <ClCompile Include="DLLSources\JustInTimeArray.cpp">
      <Filter>Data\CPP</Filter>
    </ClCompile>
    <ClCompile Include="DLLSources\JustInTimeArrayGetType.h">
      <Filter>Data\Header</Filter>
    </ClCompile>
    <ClCompile Include="DLLSources\CvGlobalConstants.cpp">
      <Filter>CV\CPP</Filter>
    </ClCompile>
    <ClCompile Include="DLLSources\CvUnitSavegame.cpp">
      <Filter>CV\Savegames</Filter>
    </ClCompile>
    <ClCompile Include="DLLSources\CvSavegame.cpp">
      <Filter>CV\Savegames</Filter>
    </ClCompile>
    <ClCompile Include="DLLSources\CvMapSavegame.cpp">
      <Filter>CV\Savegames</Filter>
    </ClCompile>
    <ClCompile Include="DLLSources\CvPlotSavegame.cpp">
      <Filter>CV\Savegames</Filter>
    </ClCompile>
    <ClCompile Include="DLLSources\CvUnitAISavegame.cpp">
      <Filter>CV\Savegames</Filter>
    </ClCompile>
    <ClCompile Include="DLLSources\CvAreaSavegame.cpp">
      <Filter>CV\Savegames</Filter>
    </ClCompile>
    <ClCompile Include="DLLSources\CvPlotFunctions.cpp">
      <Filter>CV\CPP</Filter>
    </ClCompile>
    <ClCompile Include="DLLSources\CvPopupInfoSavegame.cpp">
      <Filter>CV\Savegames</Filter>
    </ClCompile>
    <ClCompile Include="DLLSources\CvDiploParametersSavegames.cpp">
      <Filter>CV\Savegames</Filter>
    </ClCompile>
    <ClCompile Include="DLLSources\CvSelectionGroupAISavegame.cpp">
      <Filter>CV\Savegames</Filter>
    </ClCompile>
    <ClCompile Include="DLLSources\CvSelectionGroupSavegame.cpp">
      <Filter>CV\Savegames</Filter>
    </ClCompile>
    <ClCompile Include="DLLSources\CvTalkingHeadMessageSavegame.cpp">
      <Filter>CV\Savegames</Filter>
    </ClCompile>
    <ClCompile Include="DLLSources\CvTradeRouteGroupSavegame.cpp">
      <Filter>CV\Savegames</Filter>
    </ClCompile>
    <ClCompile Include="DLLSources\CvTradeRouteSavegame.cpp">
      <Filter>CV\Savegames</Filter>
    </ClCompile>
    <ClCompile Include="DLLSources\TestEnumMap.cpp">
      <Filter>Test</Filter>
    </ClCompile>
    <ClCompile Include="DLLSources\CvGameSavegame.cpp">
      <Filter>CV\Savegames</Filter>
    </ClCompile>
    <ClCompile Include="DLLSources\CvGameAISavegame.cpp">
      <Filter>CV\Savegames</Filter>
    </ClCompile>
    <ClCompile Include="DLLSources\CvDealSavegame.cpp">
      <Filter>CV\Savegames</Filter>
    </ClCompile>
    <ClCompile Include="DLLSources\CvReplayMessageSavegame.cpp">
      <Filter>CV\Savegames</Filter>
    </ClCompile>
    <ClCompile Include="DLLSources\CvTeamAISavegame.cpp">
      <Filter>CV\Savegames</Filter>
    </ClCompile>
    <ClCompile Include="DLLSources\CvTeamSavegame.cpp">
      <Filter>CV\Savegames</Filter>
    </ClCompile>
    <ClCompile Include="DLLSources\Profile.cpp">
      <Filter>Maintenance\Profile</Filter>
    </ClCompile>
    <ClCompile Include="DLLSources\UserSettings.cpp">
      <Filter>CV\CPP</Filter>
    </ClCompile>
    <ClCompile Include="DLLSources\CyUserSettings.cpp">
      <Filter>Python\CPP</Filter>
    </ClCompile>
    <ClCompile Include="DLLSources\CyUserSettingsInterface.cpp">
      <Filter>Python\CPP</Filter>
    </ClCompile>
    <ClCompile Include="DLLSources\CyData.cpp">
      <Filter>Python\CPP</Filter>
    </ClCompile>
    <ClCompile Include="DLLSources\CyDataInterface.cpp">
      <Filter>Python\CPP</Filter>
    </ClCompile>
    <ClCompile Include="DLLSources\BetterBTSAI.cpp">
      <Filter>CV\CPP</Filter>
    </ClCompile>
    <ClCompile Include="DLLSources\KmodPathFinder.cpp">
      <Filter>CV\CPP</Filter>
    </ClCompile>
    <ClCompile Include="DLLSources\Autogenerated.cpp">
      <Filter>Autogenerated</Filter>
    </ClCompile>
    <ClCompile Include="DLLSources\CvDLLInterfaceIFaceBase.cpp">
      <Filter>CV\CPP</Filter>
    </ClCompile>
    <ClCompile Include="DLLSources\CyInfos.cpp">
      <Filter>Python\CPP</Filter>
    </ClCompile>
    <ClCompile Include="DLLSources\EXE_interface.cpp">
      <Filter>Misc\EXE interface</Filter>
    </ClCompile>
    <ClCompile Include="DLLSources\CvDLLEngineIFaceBase.cpp">
      <Filter>CV\CPP</Filter>
    </ClCompile>
    <ClCompile Include="DLLSources\CvCityAI.cpp">
      <Filter>Classes\City\CPP</Filter>
    </ClCompile>
    <ClCompile Include="DLLSources\CvCity.cpp">
      <Filter>Classes\City\CPP</Filter>
    </ClCompile>
    <ClCompile Include="DLLSources\CvCityAISavegame.cpp">
      <Filter>Classes\City\CPP</Filter>
    </ClCompile>
    <ClCompile Include="DLLSources\CvCitySavegame.cpp">
      <Filter>Classes\City\CPP</Filter>
    </ClCompile>
    <ClCompile Include="DLLSources\CvCityYields.cpp">
      <Filter>Classes\City\CPP</Filter>
    </ClCompile>
    <ClCompile Include="DLLSources\XMLLengthSet.cpp">
      <Filter>Classes\XML\CPP</Filter>
    </ClCompile>
    <ClCompile Include="DLLSources\tinyxml2.cpp">
      <Filter>Classes\XML\CPP</Filter>
    </ClCompile>
    <ClCompile Include="DLLSources\CvXMLLoadUtilitySet.cpp">
      <Filter>Classes\XML\CPP</Filter>
    </ClCompile>
    <ClCompile Include="DLLSources\CvXMLLoadUtility.cpp">
      <Filter>Classes\XML\CPP</Filter>
    </ClCompile>
    <ClCompile Include="DLLSources\CvXMLLoadUtilityGet.cpp">
      <Filter>Classes\XML\CPP</Filter>
    </ClCompile>
    <ClCompile Include="DLLSources\CvXMLLoadUtilityInit.cpp">
      <Filter>Classes\XML\CPP</Filter>
    </ClCompile>
    <ClCompile Include="DLLSources\OpenURL.cpp">
      <Filter>Classes\Utilities\CPP</Filter>
    </ClCompile>
    <ClCompile Include="DLLSources\CvPlayerSavegame.cpp">
      <Filter>Classes\Player\CPP</Filter>
    </ClCompile>
    <ClCompile Include="DLLSources\CvPlayerAISavegame.cpp">
      <Filter>Classes\Player\CPP</Filter>
    </ClCompile>
    <ClCompile Include="DLLSources\CvPlayer.cpp">
      <Filter>Classes\Player\CPP</Filter>
    </ClCompile>
    <ClCompile Include="DLLSources\CvPlayerAI.cpp">
      <Filter>Classes\Player\CPP</Filter>
    </ClCompile>
    <ClCompile Include="DLLSources\CvPlayerCivEffect.cpp">
      <Filter>Classes\Player\CPP</Filter>
    </ClCompile>
    <ClCompile Include="DLLSources\PlayerHelperFunctions.cpp">
      <Filter>Classes\Player\CPP</Filter>
    </ClCompile>
    <ClCompile Include="DLLSources\AlertWindow.cpp">
      <Filter>Classes\AlertWindow\CPP</Filter>
    </ClCompile>
    <ClCompile Include="DLLSources\SavegameAlert.cpp">
      <Filter>Classes\AlertWindow\CPP</Filter>
    </ClCompile>
    <ClCompile Include="DLLSources\StartupErrorChecking.cpp">
      <Filter>Classes\AlertWindow\CPP</Filter>
    </ClCompile>
    <ClCompile Include="DLLSources\CvEnums.cpp">
      <Filter>CV\CPP</Filter>
    </ClCompile>
    <ClCompile Include="DLLSources\CyXMLEditor.cpp">
      <Filter>XML Editor</Filter>
    </ClCompile>
    <ClCompile Include="DLLSources\CyXMLEditorInterface1.cpp">
      <Filter>XML Editor</Filter>
    </ClCompile>
    <ClCompile Include="DLLSources\CvPythonCaller.cpp">
      <Filter>Python\CvPythonCaller</Filter>
    </ClCompile>
    <ClCompile Include="DLLSources\CyXMLObject.cpp">
      <Filter>XML Editor</Filter>
    </ClCompile>
    <ClCompile Include="DLLSources\CyXMLAttributes.cpp">
      <Filter>XML Editor</Filter>
    </ClCompile>
    <ClCompile Include="DLLSources\CiXMLReader.cpp">
      <Filter>Classes\XML\CPP</Filter>
    </ClCompile>
    <ClCompile Include="DLLSources\CiXMLFileReader.cpp">
      <Filter>Classes\XML\CPP</Filter>
    </ClCompile>
    <ClCompile Include="DLLSources\GlobalInfos.cpp">
      <Filter>CV\CPP</Filter>
    </ClCompile>
    <ClCompile Include="DLLSources\Infos.cpp">
      <Filter>CV\CPP</Filter>
    </ClCompile>
    <ClCompile Include="DLLSources\XMLReaderAlert.cpp">
      <Filter>Classes\AlertWindow\CPP</Filter>
    </ClCompile>
  </ItemGroup>
  <ItemGroup>
    <ClInclude Include="DLLSources\CvArea.h">
      <Filter>CV\Header</Filter>
    </ClInclude>
    <ClInclude Include="DLLSources\CvArtFileMgr.h">
      <Filter>CV\Header</Filter>
    </ClInclude>
    <ClInclude Include="DLLSources\CvDeal.h">
      <Filter>CV\Header</Filter>
    </ClInclude>
    <ClInclude Include="DLLSources\CvDefines.h">
      <Filter>CV\Header</Filter>
    </ClInclude>
    <ClInclude Include="DLLSources\CvDiploParameters.h">
      <Filter>CV\Header</Filter>
    </ClInclude>
    <ClInclude Include="DLLSources\CvDLLButtonPopup.h">
      <Filter>CV\Header</Filter>
    </ClInclude>
    <ClInclude Include="DLLSources\CvDLLDataStreamIFaceBase.h">
      <Filter>CV\Header</Filter>
    </ClInclude>
    <ClInclude Include="DLLSources\CvDLLEngineIFaceBase.h">
      <Filter>CV\Header</Filter>
    </ClInclude>
    <ClInclude Include="DLLSources\CvDLLEntity.h">
      <Filter>CV\Header</Filter>
    </ClInclude>
    <ClInclude Include="DLLSources\CvDLLEntityIFaceBase.h">
      <Filter>CV\Header</Filter>
    </ClInclude>
    <ClInclude Include="DLLSources\CvDLLEventReporterIFaceBase.h">
      <Filter>CV\Header</Filter>
    </ClInclude>
    <ClInclude Include="DLLSources\CvDLLFAStarIFaceBase.h">
      <Filter>CV\Header</Filter>
    </ClInclude>
    <ClInclude Include="DLLSources\CvDLLFlagEntityIFaceBase.h">
      <Filter>CV\Header</Filter>
    </ClInclude>
    <ClInclude Include="DLLSources\CvDLLIniParserIFaceBase.h">
      <Filter>CV\Header</Filter>
    </ClInclude>
    <ClInclude Include="DLLSources\CvDLLInterfaceIFaceBase.h">
      <Filter>CV\Header</Filter>
    </ClInclude>
    <ClInclude Include="DLLSources\CvDLLPlotBuilderIFaceBase.h">
      <Filter>CV\Header</Filter>
    </ClInclude>
    <ClInclude Include="DLLSources\CvDLLPythonIFaceBase.h">
      <Filter>CV\Header</Filter>
    </ClInclude>
    <ClInclude Include="DLLSources\CvDLLSymbolIFaceBase.h">
      <Filter>CV\Header</Filter>
    </ClInclude>
    <ClInclude Include="DLLSources\CvDLLUtilityIFaceBase.h">
      <Filter>CV\Header</Filter>
    </ClInclude>
    <ClInclude Include="DLLSources\CvDLLWidgetData.h">
      <Filter>CV\Header</Filter>
    </ClInclude>
    <ClInclude Include="DLLSources\CvDLLXMLIFaceBase.h">
      <Filter>CV\Header</Filter>
    </ClInclude>
    <ClInclude Include="DLLSources\CvEnums.h">
      <Filter>CV\Header</Filter>
    </ClInclude>
    <ClInclude Include="DLLSources\CvFractal.h">
      <Filter>CV\Header</Filter>
    </ClInclude>
    <ClInclude Include="DLLSources\CvGame.h">
      <Filter>CV\Header</Filter>
    </ClInclude>
    <ClInclude Include="DLLSources\CvGameAI.h">
      <Filter>CV\Header</Filter>
    </ClInclude>
    <ClInclude Include="DLLSources\CvGameCoreDLL.h">
      <Filter>CV\Header</Filter>
    </ClInclude>
    <ClInclude Include="DLLSources\CvGameCoreDLLDefNew.h">
      <Filter>CV\Header</Filter>
    </ClInclude>
    <ClInclude Include="DLLSources\CvGameCoreDLLUndefNew.h">
      <Filter>CV\Header</Filter>
    </ClInclude>
    <ClInclude Include="DLLSources\CvGameCoreUtils.h">
      <Filter>CV\Header</Filter>
    </ClInclude>
    <ClInclude Include="DLLSources\CvGameTextMgr.h">
      <Filter>CV\Header</Filter>
    </ClInclude>
    <ClInclude Include="DLLSources\CvGlobals.h">
      <Filter>CV\Header</Filter>
    </ClInclude>
    <ClInclude Include="DLLSources\CvHallOfFameInfo.h">
      <Filter>CV\Header</Filter>
    </ClInclude>
    <ClInclude Include="DLLSources\CvIdVector.h">
      <Filter>CV\Header</Filter>
    </ClInclude>
    <ClInclude Include="DLLSources\CvInfos.h">
      <Filter>CV\Header</Filter>
    </ClInclude>
    <ClInclude Include="DLLSources\CvInfoWater.h">
      <Filter>CV\Header</Filter>
    </ClInclude>
    <ClInclude Include="DLLSources\CvInitCore.h">
      <Filter>CV\Header</Filter>
    </ClInclude>
    <ClInclude Include="DLLSources\CvMap.h">
      <Filter>CV\Header</Filter>
    </ClInclude>
    <ClInclude Include="DLLSources\CvMapGenerator.h">
      <Filter>CV\Header</Filter>
    </ClInclude>
    <ClInclude Include="DLLSources\CvPlot.h">
      <Filter>CV\Header</Filter>
    </ClInclude>
    <ClInclude Include="DLLSources\CvPopupInfo.h">
      <Filter>CV\Header</Filter>
    </ClInclude>
    <ClInclude Include="DLLSources\CvPopupReturn.h">
      <Filter>CV\Header</Filter>
    </ClInclude>
    <ClInclude Include="DLLSources\CvRandom.h">
      <Filter>CV\Header</Filter>
    </ClInclude>
    <ClInclude Include="DLLSources\CvReplayInfo.h">
      <Filter>CV\Header</Filter>
    </ClInclude>
    <ClInclude Include="DLLSources\CvReplayMessage.h">
      <Filter>CV\Header</Filter>
    </ClInclude>
    <ClInclude Include="DLLSources\CvSelectionGroup.h">
      <Filter>CV\Header</Filter>
    </ClInclude>
    <ClInclude Include="DLLSources\CvSelectionGroupAI.h">
      <Filter>CV\Header</Filter>
    </ClInclude>
    <ClInclude Include="DLLSources\CvStructs.h">
      <Filter>CV\Header</Filter>
    </ClInclude>
    <ClInclude Include="DLLSources\CvTalkingHeadMessage.h">
      <Filter>CV\Header</Filter>
    </ClInclude>
    <ClInclude Include="DLLSources\CvTeam.h">
      <Filter>CV\Header</Filter>
    </ClInclude>
    <ClInclude Include="DLLSources\CvTeamAI.h">
      <Filter>CV\Header</Filter>
    </ClInclude>
    <ClInclude Include="DLLSources\CvTradeRoute.h">
      <Filter>CV\Header</Filter>
    </ClInclude>
    <ClInclude Include="DLLSources\CvTradeRouteGroup.h">
      <Filter>CV\Header</Filter>
    </ClInclude>
    <ClInclude Include="DLLSources\CvUnit.h">
      <Filter>CV\Header</Filter>
    </ClInclude>
    <ClInclude Include="DLLSources\CvUnitAI.h">
      <Filter>CV\Header</Filter>
    </ClInclude>
    <ClInclude Include="DLLSources\CyUnit.h">
      <Filter>Python\Header</Filter>
    </ClInclude>
    <ClInclude Include="DLLSources\CyTradeRouteGroup.h">
      <Filter>Python\Header</Filter>
    </ClInclude>
    <ClInclude Include="DLLSources\CyTeam.h">
      <Filter>Python\Header</Filter>
    </ClInclude>
    <ClInclude Include="DLLSources\CyTradeRoute.h">
      <Filter>Python\Header</Filter>
    </ClInclude>
    <ClInclude Include="DLLSources\CySelectionGroup.h">
      <Filter>Python\Header</Filter>
    </ClInclude>
    <ClInclude Include="DLLSources\CyReplayInfo.h">
      <Filter>Python\Header</Filter>
    </ClInclude>
    <ClInclude Include="DLLSources\CyPlot.h">
      <Filter>Python\Header</Filter>
    </ClInclude>
    <ClInclude Include="DLLSources\CyPlayer.h">
      <Filter>Python\Header</Filter>
    </ClInclude>
    <ClInclude Include="DLLSources\CyMapGenerator.h">
      <Filter>Python\Header</Filter>
    </ClInclude>
    <ClInclude Include="DLLSources\CyMap.h">
      <Filter>Python\Header</Filter>
    </ClInclude>
    <ClInclude Include="DLLSources\CyHallOfFameInfo.h">
      <Filter>Python\Header</Filter>
    </ClInclude>
    <ClInclude Include="DLLSources\CyGlobalContext.h">
      <Filter>Python\Header</Filter>
    </ClInclude>
    <ClInclude Include="DLLSources\CyGameTextMgr.h">
      <Filter>Python\Header</Filter>
    </ClInclude>
    <ClInclude Include="DLLSources\CyGameCoreUtils.h">
      <Filter>Python\Header</Filter>
    </ClInclude>
    <ClInclude Include="DLLSources\CyGame.h">
      <Filter>Python\Header</Filter>
    </ClInclude>
    <ClInclude Include="DLLSources\CyDeal.h">
      <Filter>Python\Header</Filter>
    </ClInclude>
    <ClInclude Include="DLLSources\CyCity.h">
      <Filter>Python\Header</Filter>
    </ClInclude>
    <ClInclude Include="DLLSources\CyArea.h">
      <Filter>Python\Header</Filter>
    </ClInclude>
    <ClInclude Include="DLLSources\CyArgsList.h">
      <Filter>Python\Header</Filter>
    </ClInclude>
    <ClInclude Include="DLLSources\CyArtFileMgr.h">
      <Filter>Python\Header</Filter>
    </ClInclude>
    <ClInclude Include="DLLSources\iconv\converters.h">
      <Filter>Misc\Header</Filter>
    </ClInclude>
    <ClInclude Include="DLLSources\iconv\cp1250.h">
      <Filter>Misc\Header</Filter>
    </ClInclude>
    <ClInclude Include="DLLSources\iconv\cp1251.h">
      <Filter>Misc\Header</Filter>
    </ClInclude>
    <ClInclude Include="DLLSources\iconv\cp1252.h">
      <Filter>Misc\Header</Filter>
    </ClInclude>
    <ClInclude Include="DLLSources\iconv\cp1253.h">
      <Filter>Misc\Header</Filter>
    </ClInclude>
    <ClInclude Include="DLLSources\iconv\cp1254.h">
      <Filter>Misc\Header</Filter>
    </ClInclude>
    <ClInclude Include="DLLSources\iconv\cp1255.h">
      <Filter>Misc\Header</Filter>
    </ClInclude>
    <ClInclude Include="DLLSources\iconv\cp1256.h">
      <Filter>Misc\Header</Filter>
    </ClInclude>
    <ClInclude Include="DLLSources\iconv\cp1257.h">
      <Filter>Misc\Header</Filter>
    </ClInclude>
    <ClInclude Include="DLLSources\FAssert.h">
      <Filter>Misc\Header</Filter>
    </ClInclude>
    <ClInclude Include="DLLSources\FAStarNode.h">
      <Filter>Misc\Header</Filter>
    </ClInclude>
    <ClInclude Include="DLLSources\FDataStreamBase.h">
      <Filter>Misc\Header</Filter>
    </ClInclude>
    <ClInclude Include="DLLSources\FDialogTemplate.h">
      <Filter>Misc\Header</Filter>
    </ClInclude>
    <ClInclude Include="DLLSources\FFreeListArray.h">
      <Filter>Misc\Header</Filter>
    </ClInclude>
    <ClInclude Include="DLLSources\FFreeListArrayBase.h">
      <Filter>Misc\Header</Filter>
    </ClInclude>
    <ClInclude Include="DLLSources\FFreeListTrashArray.h">
      <Filter>Misc\Header</Filter>
    </ClInclude>
    <ClInclude Include="DLLSources\FInputDevice.h">
      <Filter>Misc\Header</Filter>
    </ClInclude>
    <ClInclude Include="DLLSources\FProfiler.h">
      <Filter>Misc\Header</Filter>
    </ClInclude>
    <ClInclude Include="DLLSources\FVariableSystem.h">
      <Filter>Misc\Header</Filter>
    </ClInclude>
    <ClInclude Include="DLLSources\resource.h">
      <Filter>Misc\Header</Filter>
    </ClInclude>
    <ClInclude Include="DLLSources\LinkedList.h">
      <Filter>Misc\Header</Filter>
    </ClInclude>
    <ClInclude Include="DLLSources\EnumTypeCacheArray.h">
      <Filter>Data\Header</Filter>
    </ClInclude>
    <ClInclude Include="DLLSources\JustInTimeArrayTypes.h">
      <Filter>Data\Header</Filter>
    </ClInclude>
    <ClInclude Include="DLLSources\JustInTimeArray.h">
      <Filter>Data\Header</Filter>
    </ClInclude>
    <ClInclude Include="DLLSources\InfoArrayGet.h">
      <Filter>Data\Header</Filter>
    </ClInclude>
    <ClInclude Include="DLLSources\InfoArray.h">
      <Filter>Data\Header</Filter>
    </ClInclude>
    <ClInclude Include="DLLSources\CvGlobalConstants.h">
      <Filter>CV\Header</Filter>
    </ClInclude>
    <ClInclude Include="DLLSources\autogenerated\AutoXmlEnum.h">
      <Filter>Autogenerated</Filter>
    </ClInclude>
    <ClInclude Include="DLLSources\autogenerated\AutoXmlTest.h">
      <Filter>Autogenerated</Filter>
    </ClInclude>
    <ClInclude Include="DLLSources\autogenerated\AutoXmlDeclare.h">
      <Filter>Autogenerated</Filter>
    </ClInclude>
    <ClInclude Include="DLLSources\autogenerated\AutoXmlInit.h">
      <Filter>Autogenerated</Filter>
    </ClInclude>
    <ClInclude Include="DLLSources\CvSavegame.h">
      <Filter>CV\Savegames</Filter>
    </ClInclude>
    <ClInclude Include="DLLSources\CvPlotFunctions.h">
      <Filter>CV\Header</Filter>
    </ClInclude>
    <ClInclude Include="DLLSources\EnumMap.h">
      <Filter>Data\Header</Filter>
    </ClInclude>
    <ClInclude Include="DLLSources\CvMacros.h">
      <Filter>CV\Header</Filter>
    </ClInclude>
    <ClInclude Include="DLLSources\Profile.h">
      <Filter>Maintenance\Profile</Filter>
    </ClInclude>
    <ClInclude Include="DLLSources\UserSettings.h">
      <Filter>CV\Header</Filter>
    </ClInclude>
    <ClInclude Include="DLLSources\autogenerated\AutoGitVersion.h">
      <Filter>Autogenerated</Filter>
    </ClInclude>
    <ClInclude Include="DLLSources\CyUserSettings.h">
      <Filter>Python\Header</Filter>
    </ClInclude>
    <ClInclude Include="DLLSources\CyData.h">
      <Filter>Python\Header</Filter>
    </ClInclude>
    <ClInclude Include="DLLSources\NetworkDataPacking.h">
      <Filter>CV\Header</Filter>
    </ClInclude>
    <ClInclude Include="DLLSources\BetterBTSAI.h">
      <Filter>CV\CPP</Filter>
    </ClInclude>
    <ClInclude Include="DLLSources\KmodPathFinder.h">
      <Filter>CV\CPP</Filter>
    </ClInclude>
    <ClInclude Include="DLLSources\CvString.h">
      <Filter>Misc\Header</Filter>
    </ClInclude>
    <ClInclude Include="DLLSources\CvEnumsFunctions.h">
      <Filter>CV\Header</Filter>
    </ClInclude>
    <ClInclude Include="DLLSources\autogenerated\AutoVariableFunctions.h">
      <Filter>Autogenerated</Filter>
    </ClInclude>
    <ClInclude Include="DLLSources\EnumMapSpecialization.h">
      <Filter>Data\Header\EnumMap Internals</Filter>
    </ClInclude>
    <ClInclude Include="DLLSources\CvSavegameEnumMap.h">
      <Filter>CV\Savegames</Filter>
    </ClInclude>
    <ClInclude Include="DLLSources\CvSavegameEnumMapHelper.h">
      <Filter>CV\Savegames</Filter>
    </ClInclude>
    <ClInclude Include="DLLSources\EnumMapSpecializationInt.h">
      <Filter>Data\Header\EnumMap Internals</Filter>
    </ClInclude>
    <ClInclude Include="DLLSources\EnumMapSpecializationBool.h">
      <Filter>Data\Header\EnumMap Internals</Filter>
    </ClInclude>
    <ClInclude Include="DLLSources\EnumMapSpecializationClass.h">
      <Filter>Data\Header\EnumMap Internals</Filter>
    </ClInclude>
    <ClInclude Include="DLLSources\EnumMapCore.h">
      <Filter>Data\Header\EnumMap Internals</Filter>
    </ClInclude>
    <ClInclude Include="DLLSources\autogenerated\AutoVariableFunctionsCPP.h">
      <Filter>Autogenerated</Filter>
    </ClInclude>
    <ClInclude Include="DLLSources\autogenerated\AutoGlobalDefineEnum.h">
      <Filter>Autogenerated</Filter>
    </ClInclude>
    <ClInclude Include="DLLSources\autogenerated\AutoGlobalDefineEnumCpp.h">
      <Filter>Autogenerated</Filter>
    </ClInclude>
    <ClInclude Include="DLLSources\autogenerated\AutoGlobalDefineEnumCase.h">
      <Filter>Autogenerated</Filter>
    </ClInclude>
    <ClInclude Include="DLLSources\autogenerated\AutoVariableFunctionsCase.h">
      <Filter>Autogenerated</Filter>
    </ClInclude>
    <ClInclude Include="DLLSources\HardcodedEnumSetup.h">
      <Filter>CV\Header</Filter>
    </ClInclude>
    <ClInclude Include="DLLSources\CyInfos.h">
      <Filter>Python\Header</Filter>
    </ClInclude>
    <ClInclude Include="DLLSources\CvCityAI.h">
      <Filter>Classes\City\Header</Filter>
    </ClInclude>
    <ClInclude Include="DLLSources\CvCity.h">
      <Filter>Classes\City\Header</Filter>
    </ClInclude>
    <ClInclude Include="DLLSources\CvCityYields.h">
      <Filter>Classes\City\Header</Filter>
    </ClInclude>
    <ClInclude Include="DLLSources\tinyxml2.h">
      <Filter>Classes\XML\Header</Filter>
    </ClInclude>
    <ClInclude Include="DLLSources\CvXMLLoadUtility.h">
      <Filter>Classes\XML\Header</Filter>
    </ClInclude>
    <ClInclude Include="DLLSources\xmlFiles.h">
      <Filter>Classes\XML\Header</Filter>
    </ClInclude>
    <ClInclude Include="DLLSources\autogenerated\AutoXmlPreload.h">
      <Filter>Autogenerated</Filter>
    </ClInclude>
    <ClInclude Include="DLLSources\StartupErrorChecking.h">
      <Filter>CV\Header</Filter>
    </ClInclude>
    <ClInclude Include="DLLSources\OpenURL.h">
      <Filter>Classes\Utilities\Header</Filter>
    </ClInclude>
    <ClInclude Include="DLLSources\CvPlayer.h">
      <Filter>Classes\Player\Header</Filter>
    </ClInclude>
    <ClInclude Include="DLLSources\CvPlayerAI.h">
      <Filter>Classes\Player\Header</Filter>
    </ClInclude>
    <ClInclude Include="DLLSources\CvPlayerCivEffect.h">
      <Filter>Classes\Player\Header</Filter>
    </ClInclude>
    <ClInclude Include="DLLSources\PlayerHelperFunctions.h">
      <Filter>Classes\Player\Header</Filter>
    </ClInclude>
    <ClInclude Include="DLLSources\SavegameAlert.h">
      <Filter>Classes\AlertWindow\Header</Filter>
    </ClInclude>
    <ClInclude Include="DLLSources\AlertWindow.h">
      <Filter>Classes\AlertWindow\Header</Filter>
    </ClInclude>
    <ClInclude Include="DLLSources\SavegameConstants.h">
      <Filter>CV\Savegames</Filter>
    </ClInclude>
    <ClInclude Include="DLLSources\CyXMLEditor.h">
      <Filter>XML Editor</Filter>
    </ClInclude>
    <ClInclude Include="DLLSources\CvPythonCaller.h">
      <Filter>Python\CvPythonCaller</Filter>
    </ClInclude>
    <ClInclude Include="DLLSources\CyXMLObject.h">
      <Filter>XML Editor</Filter>
    </ClInclude>
    <ClInclude Include="DLLSources\CyXMLAttributes.h">
      <Filter>XML Editor</Filter>
    </ClInclude>
    <ClInclude Include="DLLSources\CiXMLReader.h">
      <Filter>Classes\XML\Header</Filter>
    </ClInclude>
    <ClInclude Include="DLLSources\CiXMLFileReader.h">
      <Filter>Classes\XML\Header</Filter>
    </ClInclude>
    <ClInclude Include="DLLSources\Infos.h">
      <Filter>CV\Header</Filter>
    </ClInclude>
    <ClInclude Include="DLLSources\GlobalsInfoContainer.h">
      <Filter>CV\Header</Filter>
    </ClInclude>
    <ClInclude Include="DLLSources\autogenerated\AutoInfoArray.h">
      <Filter>Autogenerated</Filter>
    </ClInclude>
    <ClInclude Include="DLLSources\autogenerated\AutoInfoArrayReader.h">
      <Filter>Autogenerated</Filter>
    </ClInclude>
    <ClInclude Include="DLLSources\XMLReaderAlerts.h">
      <Filter>Classes\AlertWindow\Header</Filter>
    </ClInclude>
    <ClInclude Include="DLLSources\GlobalInfos.h">
      <Filter>CV\Header</Filter>
    </ClInclude>
  </ItemGroup>
  <ItemGroup>
    <None Include="DLLSources\FVariableSystem.inl">
      <Filter>Misc</Filter>
    </None>
    <None Include="DLLSources\interfaceDirtyBits.inl">
      <Filter>Misc</Filter>
    </None>
  </ItemGroup>
  <ItemGroup>
    <Filter Include="Python">
      <UniqueIdentifier>{b465ac7b-0bcb-4d33-a7bc-763d252e2838}</UniqueIdentifier>
    </Filter>
    <Filter Include="Python\CPP">
      <UniqueIdentifier>{0fbbd870-4943-4aba-99f6-2fe5609f3fb6}</UniqueIdentifier>
    </Filter>
    <Filter Include="Python\Header">
      <UniqueIdentifier>{37ce27a3-11ff-4f9d-abfa-4ca0cbc152ef}</UniqueIdentifier>
    </Filter>
    <Filter Include="Misc">
      <UniqueIdentifier>{fb095557-01b9-4392-b315-8e2c7d636e35}</UniqueIdentifier>
    </Filter>
    <Filter Include="CV">
      <UniqueIdentifier>{a274e5fb-f75d-4ffc-8600-3f11621577a7}</UniqueIdentifier>
    </Filter>
    <Filter Include="CV\Header">
      <UniqueIdentifier>{08ab4204-9e9e-4aa1-bd8c-df3180a01280}</UniqueIdentifier>
    </Filter>
    <Filter Include="CV\CPP">
      <UniqueIdentifier>{cf52fad3-0c28-4c4e-b88e-c05a6b8f77ca}</UniqueIdentifier>
    </Filter>
    <Filter Include="Misc\CPP">
      <UniqueIdentifier>{f34cb77a-f239-44f1-9cdc-5d0278092ef8}</UniqueIdentifier>
    </Filter>
    <Filter Include="Misc\Header">
      <UniqueIdentifier>{aae59df5-ea36-40b2-9686-761d7eddf7f4}</UniqueIdentifier>
    </Filter>
    <Filter Include="Data">
      <UniqueIdentifier>{cdeaf9ef-2778-4496-b6a8-6ad18c28b40b}</UniqueIdentifier>
    </Filter>
    <Filter Include="Data\CPP">
      <UniqueIdentifier>{9bf3094a-db0f-40a6-9932-2ad1ad15cac0}</UniqueIdentifier>
    </Filter>
    <Filter Include="Data\Header">
      <UniqueIdentifier>{44eb46cb-017d-402f-8c26-42310083cb10}</UniqueIdentifier>
    </Filter>
    <Filter Include="Autogenerated">
      <UniqueIdentifier>{d4af97e9-c8a7-4fbd-8a68-60461c4ba7dd}</UniqueIdentifier>
    </Filter>
    <Filter Include="CV\Savegames">
      <UniqueIdentifier>{14ec300e-6af3-4de1-80b2-9e2c68314bb3}</UniqueIdentifier>
    </Filter>
    <Filter Include="Test">
      <UniqueIdentifier>{ad6616d9-6e93-45cb-8cc5-db0c523db5c8}</UniqueIdentifier>
    </Filter>
    <Filter Include="Maintenance">
      <UniqueIdentifier>{10d77ecb-fe2d-49f1-94da-d4e890cbfc2f}</UniqueIdentifier>
    </Filter>
    <Filter Include="Maintenance\Profile">
      <UniqueIdentifier>{ef820b83-1024-4fd9-aa96-673edf03180c}</UniqueIdentifier>
    </Filter>
    <Filter Include="Data\Header\EnumMap Internals">
      <UniqueIdentifier>{c674827b-abee-4556-946d-8c81b9471504}</UniqueIdentifier>
    </Filter>
    <Filter Include="Misc\EXE interface">
      <UniqueIdentifier>{f2e98b89-d8ca-4626-9e7e-5468e1bccaad}</UniqueIdentifier>
    </Filter>
    <Filter Include="Classes">
      <UniqueIdentifier>{73ba73ed-d43d-422d-9d9f-c63bdeb96d1c}</UniqueIdentifier>
    </Filter>
    <Filter Include="Classes\City">
      <UniqueIdentifier>{e1ea1ee2-46c2-486d-b51b-232d66bf0390}</UniqueIdentifier>
    </Filter>
    <Filter Include="Classes\City\Header">
      <UniqueIdentifier>{0f415138-f9b3-4e3e-ad80-d4fa222da928}</UniqueIdentifier>
    </Filter>
    <Filter Include="Classes\City\CPP">
      <UniqueIdentifier>{1ce6572b-e711-4c3f-a837-3ad059a7fa2e}</UniqueIdentifier>
    </Filter>
    <Filter Include="Classes\XML">
      <UniqueIdentifier>{95f2df1c-5118-49dd-b62c-551a21ee1a3c}</UniqueIdentifier>
    </Filter>
    <Filter Include="Classes\XML\Header">
      <UniqueIdentifier>{e5985fec-f6d9-49e7-bf3a-abe02b0bd647}</UniqueIdentifier>
    </Filter>
    <Filter Include="Classes\XML\CPP">
      <UniqueIdentifier>{d8b1a33f-2630-4cc0-b0a0-6469f44c032a}</UniqueIdentifier>
    </Filter>
    <Filter Include="Classes\Utilities">
      <UniqueIdentifier>{3477c52a-d334-43c3-b638-3269f62c4631}</UniqueIdentifier>
    </Filter>
    <Filter Include="Classes\Utilities\CPP">
      <UniqueIdentifier>{77df483b-359f-4494-b3aa-4cad207b93d3}</UniqueIdentifier>
    </Filter>
    <Filter Include="Classes\Utilities\Header">
      <UniqueIdentifier>{41b6075f-ffb6-4adc-a7ab-c8985a5a14ab}</UniqueIdentifier>
    </Filter>
    <Filter Include="Classes\Player">
      <UniqueIdentifier>{96e572e2-dab5-4df9-9268-02aaa80f74b7}</UniqueIdentifier>
    </Filter>
    <Filter Include="Classes\Player\CPP">
      <UniqueIdentifier>{f0d3b017-e01d-4069-9299-4294aaee6c47}</UniqueIdentifier>
    </Filter>
    <Filter Include="Classes\Player\Header">
      <UniqueIdentifier>{2546ffe1-0517-454d-989a-c48759383617}</UniqueIdentifier>
    </Filter>
    <Filter Include="Classes\AlertWindow">
      <UniqueIdentifier>{9daa7284-7523-453a-87bd-252d5efad3c4}</UniqueIdentifier>
    </Filter>
    <Filter Include="Classes\AlertWindow\Header">
      <UniqueIdentifier>{d8b54943-2245-4a87-aad7-6465aae47324}</UniqueIdentifier>
    </Filter>
    <Filter Include="Classes\AlertWindow\CPP">
      <UniqueIdentifier>{20d5ec07-833a-419a-8744-1ea196a2e052}</UniqueIdentifier>
    </Filter>
    <Filter Include="XML Editor">
      <UniqueIdentifier>{18ea1776-7fbf-485a-959e-6fb9226eff6c}</UniqueIdentifier>
    </Filter>
    <Filter Include="Python\CvPythonCaller">
      <UniqueIdentifier>{a69da161-513e-408d-bb4e-10649825d5ca}</UniqueIdentifier>
    </Filter>
  </ItemGroup>
</Project>