
Microsoft Visual Studio Solution File, Format Version 12.00
# Visual Studio 15
VisualStudioVersion = 15.0.28010.2036
MinimumVisualStudioVersion = 10.0.40219.1
Project("{8BC9CEB8-8B4A-11D0-8D11-00A0C91BC942}") = "RaR", "RaR.vcxproj", "{3021AF0E-699D-4232-86F6-FC374A0C9957}"
EndProject
Global
	GlobalSection(SolutionConfigurationPlatforms) = preSolution
		Assert|Multi core compilation = Assert|Multi core compilation
		Assert|XML hardcoding = Assert|XML hardcoding
		Assert|z Build Release = Assert|z Build Release
		Assert|z Single core compilation = Assert|z Single core compilation
		Assert|z Test = Assert|z Test
		Debug|Multi core compilation = Debug|Multi core compilation
		Debug|XML hardcoding = Debug|XML hardcoding
		Debug|z Build Release = Debug|z Build Release
		Debug|z Single core compilation = Debug|z Single core compilation
		Debug|z Test = Debug|z Test
		Final Release|Multi core compilation = Final Release|Multi core compilation
		Final Release|XML hardcoding = Final Release|XML hardcoding
		Final Release|z Build Release = Final Release|z Build Release
		Final Release|z Single core compilation = Final Release|z Single core compilation
		Final Release|z Test = Final Release|z Test
		Profile|Multi core compilation = Profile|Multi core compilation
		Profile|XML hardcoding = Profile|XML hardcoding
		Profile|z Build Release = Profile|z Build Release
		Profile|z Single core compilation = Profile|z Single core compilation
		Profile|z Test = Profile|z Test
		Release|Multi core compilation = Release|Multi core compilation
		Release|XML hardcoding = Release|XML hardcoding
		Release|z Build Release = Release|z Build Release
		Release|z Single core compilation = Release|z Single core compilation
		Release|z Test = Release|z Test
	EndGlobalSection
	GlobalSection(ProjectConfigurationPlatforms) = postSolution
		{3021AF0E-699D-4232-86F6-FC374A0C9957}.Assert|Multi core compilation.ActiveCfg = Multi core-Assert|Win32
		{3021AF0E-699D-4232-86F6-FC374A0C9957}.Assert|Multi core compilation.Build.0 = Multi core-Assert|Win32
		{3021AF0E-699D-4232-86F6-FC374A0C9957}.Assert|XML hardcoding.ActiveCfg = XML hardcoding-Assert|Win32
		{3021AF0E-699D-4232-86F6-FC374A0C9957}.Assert|XML hardcoding.Build.0 = XML hardcoding-Assert|Win32
		{3021AF0E-699D-4232-86F6-FC374A0C9957}.Assert|z Build Release.ActiveCfg = Build Release|Win32
		{3021AF0E-699D-4232-86F6-FC374A0C9957}.Assert|z Build Release.Build.0 = Build Release|Win32
		{3021AF0E-699D-4232-86F6-FC374A0C9957}.Assert|z Single core compilation.ActiveCfg = Single core-Assert|Win32
		{3021AF0E-699D-4232-86F6-FC374A0C9957}.Assert|z Single core compilation.Build.0 = Single core-Assert|Win32
		{3021AF0E-699D-4232-86F6-FC374A0C9957}.Assert|z Test.ActiveCfg = Test-Debug|Win32
		{3021AF0E-699D-4232-86F6-FC374A0C9957}.Assert|z Test.Build.0 = Test-Debug|Win32
		{3021AF0E-699D-4232-86F6-FC374A0C9957}.Debug|Multi core compilation.ActiveCfg = Multi core-Debug|Win32
		{3021AF0E-699D-4232-86F6-FC374A0C9957}.Debug|Multi core compilation.Build.0 = Multi core-Debug|Win32
		{3021AF0E-699D-4232-86F6-FC374A0C9957}.Debug|XML hardcoding.ActiveCfg = XML hardcoding-Debug|Win32
		{3021AF0E-699D-4232-86F6-FC374A0C9957}.Debug|XML hardcoding.Build.0 = XML hardcoding-Debug|Win32
		{3021AF0E-699D-4232-86F6-FC374A0C9957}.Debug|z Build Release.ActiveCfg = Build Release|Win32
		{3021AF0E-699D-4232-86F6-FC374A0C9957}.Debug|z Build Release.Build.0 = Build Release|Win32
		{3021AF0E-699D-4232-86F6-FC374A0C9957}.Debug|z Single core compilation.ActiveCfg = Single core-Debug|Win32
		{3021AF0E-699D-4232-86F6-FC374A0C9957}.Debug|z Single core compilation.Build.0 = Single core-Debug|Win32
		{3021AF0E-699D-4232-86F6-FC374A0C9957}.Debug|z Test.ActiveCfg = Test-Debug|Win32
		{3021AF0E-699D-4232-86F6-FC374A0C9957}.Debug|z Test.Build.0 = Test-Debug|Win32
		{3021AF0E-699D-4232-86F6-FC374A0C9957}.Final Release|Multi core compilation.ActiveCfg = Multi core-Final Release|Win32
		{3021AF0E-699D-4232-86F6-FC374A0C9957}.Final Release|Multi core compilation.Build.0 = Multi core-Final Release|Win32
		{3021AF0E-699D-4232-86F6-FC374A0C9957}.Final Release|XML hardcoding.ActiveCfg = XML hardcoding-Final Release|Win32
		{3021AF0E-699D-4232-86F6-FC374A0C9957}.Final Release|XML hardcoding.Build.0 = XML hardcoding-Final Release|Win32
		{3021AF0E-699D-4232-86F6-FC374A0C9957}.Final Release|z Build Release.ActiveCfg = Build Release|Win32
		{3021AF0E-699D-4232-86F6-FC374A0C9957}.Final Release|z Build Release.Build.0 = Build Release|Win32
		{3021AF0E-699D-4232-86F6-FC374A0C9957}.Final Release|z Single core compilation.ActiveCfg = Single core-Final Release|Win32
		{3021AF0E-699D-4232-86F6-FC374A0C9957}.Final Release|z Single core compilation.Build.0 = Single core-Final Release|Win32
		{3021AF0E-699D-4232-86F6-FC374A0C9957}.Final Release|z Test.ActiveCfg = Test-Debug|Win32
		{3021AF0E-699D-4232-86F6-FC374A0C9957}.Final Release|z Test.Build.0 = Test-Debug|Win32
		{3021AF0E-699D-4232-86F6-FC374A0C9957}.Profile|Multi core compilation.ActiveCfg = Multi core-Profile|Win32
		{3021AF0E-699D-4232-86F6-FC374A0C9957}.Profile|Multi core compilation.Build.0 = Multi core-Profile|Win32
		{3021AF0E-699D-4232-86F6-FC374A0C9957}.Profile|XML hardcoding.ActiveCfg = XML hardcoding-Profile|Win32
		{3021AF0E-699D-4232-86F6-FC374A0C9957}.Profile|XML hardcoding.Build.0 = XML hardcoding-Profile|Win32
		{3021AF0E-699D-4232-86F6-FC374A0C9957}.Profile|z Build Release.ActiveCfg = Build Release|Win32
		{3021AF0E-699D-4232-86F6-FC374A0C9957}.Profile|z Build Release.Build.0 = Build Release|Win32
		{3021AF0E-699D-4232-86F6-FC374A0C9957}.Profile|z Single core compilation.ActiveCfg = Single core-Profile|Win32
		{3021AF0E-699D-4232-86F6-FC374A0C9957}.Profile|z Single core compilation.Build.0 = Single core-Profile|Win32
		{3021AF0E-699D-4232-86F6-FC374A0C9957}.Profile|z Test.ActiveCfg = Test-Debug|Win32
		{3021AF0E-699D-4232-86F6-FC374A0C9957}.Profile|z Test.Build.0 = Test-Debug|Win32
		{3021AF0E-699D-4232-86F6-FC374A0C9957}.Release|Multi core compilation.ActiveCfg = Multi core-Release|Win32
		{3021AF0E-699D-4232-86F6-FC374A0C9957}.Release|Multi core compilation.Build.0 = Multi core-Release|Win32
		{3021AF0E-699D-4232-86F6-FC374A0C9957}.Release|XML hardcoding.ActiveCfg = XML hardcoding-Release|Win32
		{3021AF0E-699D-4232-86F6-FC374A0C9957}.Release|XML hardcoding.Build.0 = XML hardcoding-Release|Win32
		{3021AF0E-699D-4232-86F6-FC374A0C9957}.Release|z Build Release.ActiveCfg = Build Release|Win32
		{3021AF0E-699D-4232-86F6-FC374A0C9957}.Release|z Build Release.Build.0 = Build Release|Win32
		{3021AF0E-699D-4232-86F6-FC374A0C9957}.Release|z Single core compilation.ActiveCfg = Single core-Release|Win32
		{3021AF0E-699D-4232-86F6-FC374A0C9957}.Release|z Single core compilation.Build.0 = Single core-Release|Win32
		{3021AF0E-699D-4232-86F6-FC374A0C9957}.Release|z Test.ActiveCfg = Test-Debug|Win32
		{3021AF0E-699D-4232-86F6-FC374A0C9957}.Release|z Test.Build.0 = Test-Debug|Win32
	EndGlobalSection
	GlobalSection(SolutionProperties) = preSolution
		HideSolutionNode = FALSE
	EndGlobalSection
	GlobalSection(ExtensibilityGlobals) = postSolution
		SolutionGuid = {886B8394-6690-4605-8600-4B0B2EE1B1CC}
	EndGlobalSection
EndGlobal
